
Microsoft Visual Studio Solution File, Format Version 11.00
# Visual Studio 2010
Project("{FAE04EC0-301F-11D3-BF4B-00C04F79EFBC}") = "MonoMaze", "MonoMaze\MonoMaze\MonoMaze.csproj", "{5D06BA00-D947-40B0-BEDA-026807BE8716}"
EndProject
Project("{96E2B04D-8817-42C6-938A-82C39BA4D311}") = "MonoMazeContent", "MonoMaze\MonoMazeContent\MonoMazeContent.contentproj", "{793F6D00-96B0-4E77-8F92-5854B812E674}"
EndProject
Global
	GlobalSection(SolutionConfigurationPlatforms) = preSolution
		Debug|x86 = Debug|x86
		Release|x86 = Release|x86
	EndGlobalSection
	GlobalSection(ProjectConfigurationPlatforms) = postSolution
		{5D06BA00-D947-40B0-BEDA-026807BE8716}.Debug|x86.ActiveCfg = Debug|x86
		{5D06BA00-D947-40B0-BEDA-026807BE8716}.Debug|x86.Build.0 = Debug|x86
		{5D06BA00-D947-40B0-BEDA-026807BE8716}.Release|x86.ActiveCfg = Release|x86
		{5D06BA00-D947-40B0-BEDA-026807BE8716}.Release|x86.Build.0 = Release|x86
		{793F6D00-96B0-4E77-8F92-5854B812E674}.Debug|x86.ActiveCfg = Debug|x86
		{793F6D00-96B0-4E77-8F92-5854B812E674}.Release|x86.ActiveCfg = Release|x86
	EndGlobalSection
	GlobalSection(SolutionProperties) = preSolution
		HideSolutionNode = FALSE
	EndGlobalSection
EndGlobal
